// !$*UTF8*$!
{
	archiveVersion = 1;
	classes = {
	};
	objectVersion = 48;
	objects = {

/* Begin PBXBuildFile section */
		17158A8B2128152D001A1AAD /* GeneralController.m in Sources */ = {isa = PBXBuildFile; fileRef = 17158A8A2128152D001A1AAD /* GeneralController.m */; };
		17158A8E2128309C001A1AAD /* MainViewController.m in Sources */ = {isa = PBXBuildFile; fileRef = 17158A8D2128309C001A1AAD /* MainViewController.m */; };
		17158A9121283215001A1AAD /* GeneralViewModel.m in Sources */ = {isa = PBXBuildFile; fileRef = 17158A9021283215001A1AAD /* GeneralViewModel.m */; };
		17158A942128322A001A1AAD /* GeneralModel.m in Sources */ = {isa = PBXBuildFile; fileRef = 17158A932128322A001A1AAD /* GeneralModel.m */; };
		17158A98212839D4001A1AAD /* WebViewController.m in Sources */ = {isa = PBXBuildFile; fileRef = 17158A97212839D4001A1AAD /* WebViewController.m */; };
		17A1D92B2125779500FE15F8 /* AppDelegate.m in Sources */ = {isa = PBXBuildFile; fileRef = 17A1D92A2125779500FE15F8 /* AppDelegate.m */; };
		17A1D9312125779500FE15F8 /* Main.storyboard in Resources */ = {isa = PBXBuildFile; fileRef = 17A1D92F2125779500FE15F8 /* Main.storyboard */; };
		17A1D9332125779600FE15F8 /* Assets.xcassets in Resources */ = {isa = PBXBuildFile; fileRef = 17A1D9322125779600FE15F8 /* Assets.xcassets */; };
		17A1D9362125779600FE15F8 /* LaunchScreen.storyboard in Resources */ = {isa = PBXBuildFile; fileRef = 17A1D9342125779600FE15F8 /* LaunchScreen.storyboard */; };
		17A1D9392125779600FE15F8 /* main.m in Sources */ = {isa = PBXBuildFile; fileRef = 17A1D9382125779600FE15F8 /* main.m */; };
		17A1D95521269BBF00FE15F8 /* KFNetworkService.m in Sources */ = {isa = PBXBuildFile; fileRef = 17A1D95421269BBF00FE15F8 /* KFNetworkService.m */; };
		D3EA60D320E8563D66F921E6 /* libPods-KFBlankSlateExample.a in Frameworks */ = {isa = PBXBuildFile; fileRef = 7645242C870FE6250381107F /* libPods-KFBlankSlateExample.a */; };
/* End PBXBuildFile section */

/* Begin PBXFileReference section */
		17158A892128152D001A1AAD /* GeneralController.h */ = {isa = PBXFileReference; lastKnownFileType = sourcecode.c.h; path = GeneralController.h; sourceTree = "<group>"; };
		17158A8A2128152D001A1AAD /* GeneralController.m */ = {isa = PBXFileReference; lastKnownFileType = sourcecode.c.objc; path = GeneralController.m; sourceTree = "<group>"; };
		17158A8C2128309C001A1AAD /* MainViewController.h */ = {isa = PBXFileReference; lastKnownFileType = sourcecode.c.h; path = MainViewController.h; sourceTree = "<group>"; };
		17158A8D2128309C001A1AAD /* MainViewController.m */ = {isa = PBXFileReference; lastKnownFileType = sourcecode.c.objc; path = MainViewController.m; sourceTree = "<group>"; };
		17158A8F21283215001A1AAD /* GeneralViewModel.h */ = {isa = PBXFileReference; lastKnownFileType = sourcecode.c.h; path = GeneralViewModel.h; sourceTree = "<group>"; };
		17158A9021283215001A1AAD /* GeneralViewModel.m */ = {isa = PBXFileReference; lastKnownFileType = sourcecode.c.objc; path = GeneralViewModel.m; sourceTree = "<group>"; };
		17158A922128322A001A1AAD /* GeneralModel.h */ = {isa = PBXFileReference; lastKnownFileType = sourcecode.c.h; path = GeneralModel.h; sourceTree = "<group>"; };
		17158A932128322A001A1AAD /* GeneralModel.m */ = {isa = PBXFileReference; lastKnownFileType = sourcecode.c.objc; path = GeneralModel.m; sourceTree = "<group>"; };
		17158A96212839D4001A1AAD /* WebViewController.h */ = {isa = PBXFileReference; lastKnownFileType = sourcecode.c.h; path = WebViewController.h; sourceTree = "<group>"; };
		17158A97212839D4001A1AAD /* WebViewController.m */ = {isa = PBXFileReference; lastKnownFileType = sourcecode.c.objc; path = WebViewController.m; sourceTree = "<group>"; };
		17A1D9262125779500FE15F8 /* KFBlankSlateExample.app */ = {isa = PBXFileReference; explicitFileType = wrapper.application; includeInIndex = 0; path = KFBlankSlateExample.app; sourceTree = BUILT_PRODUCTS_DIR; };
		17A1D9292125779500FE15F8 /* AppDelegate.h */ = {isa = PBXFileReference; lastKnownFileType = sourcecode.c.h; path = AppDelegate.h; sourceTree = "<group>"; };
		17A1D92A2125779500FE15F8 /* AppDelegate.m */ = {isa = PBXFileReference; lastKnownFileType = sourcecode.c.objc; path = AppDelegate.m; sourceTree = "<group>"; };
		17A1D9302125779500FE15F8 /* Base */ = {isa = PBXFileReference; lastKnownFileType = file.storyboard; name = Base; path = Base.lproj/Main.storyboard; sourceTree = "<group>"; };
		17A1D9322125779600FE15F8 /* Assets.xcassets */ = {isa = PBXFileReference; lastKnownFileType = folder.assetcatalog; path = Assets.xcassets; sourceTree = "<group>"; };
		17A1D9352125779600FE15F8 /* Base */ = {isa = PBXFileReference; lastKnownFileType = file.storyboard; name = Base; path = Base.lproj/LaunchScreen.storyboard; sourceTree = "<group>"; };
		17A1D9372125779600FE15F8 /* Info.plist */ = {isa = PBXFileReference; lastKnownFileType = text.plist.xml; path = Info.plist; sourceTree = "<group>"; };
		17A1D9382125779600FE15F8 /* main.m */ = {isa = PBXFileReference; lastKnownFileType = sourcecode.c.objc; path = main.m; sourceTree = "<group>"; };
		17A1D95321269BBF00FE15F8 /* KFNetworkService.h */ = {isa = PBXFileReference; lastKnownFileType = sourcecode.c.h; path = KFNetworkService.h; sourceTree = "<group>"; };
		17A1D95421269BBF00FE15F8 /* KFNetworkService.m */ = {isa = PBXFileReference; lastKnownFileType = sourcecode.c.objc; path = KFNetworkService.m; sourceTree = "<group>"; };
		1B9E9C95867980793E525997 /* Pods-KFBlankSlateExample.debug.xcconfig */ = {isa = PBXFileReference; includeInIndex = 1; lastKnownFileType = text.xcconfig; name = "Pods-KFBlankSlateExample.debug.xcconfig"; path = "Pods/Target Support Files/Pods-KFBlankSlateExample/Pods-KFBlankSlateExample.debug.xcconfig"; sourceTree = "<group>"; };
		5E8509E30C1B173FC9BE1DA8 /* Pods-KFBlankSlateExample.release.xcconfig */ = {isa = PBXFileReference; includeInIndex = 1; lastKnownFileType = text.xcconfig; name = "Pods-KFBlankSlateExample.release.xcconfig"; path = "Pods/Target Support Files/Pods-KFBlankSlateExample/Pods-KFBlankSlateExample.release.xcconfig"; sourceTree = "<group>"; };
		7645242C870FE6250381107F /* libPods-KFBlankSlateExample.a */ = {isa = PBXFileReference; explicitFileType = archive.ar; includeInIndex = 0; path = "libPods-KFBlankSlateExample.a"; sourceTree = BUILT_PRODUCTS_DIR; };
/* End PBXFileReference section */

/* Begin PBXFrameworksBuildPhase section */
		17A1D9232125779500FE15F8 /* Frameworks */ = {
			isa = PBXFrameworksBuildPhase;
			buildActionMask = 2147483647;
			files = (
				D3EA60D320E8563D66F921E6 /* libPods-KFBlankSlateExample.a in Frameworks */,
			);
			runOnlyForDeploymentPostprocessing = 0;
		};
/* End PBXFrameworksBuildPhase section */

/* Begin PBXGroup section */
		17158A882128150F001A1AAD /* General */ = {
			isa = PBXGroup;
			children = (
				17158A892128152D001A1AAD /* GeneralController.h */,
				17158A8A2128152D001A1AAD /* GeneralController.m */,
				17158A8F21283215001A1AAD /* GeneralViewModel.h */,
				17158A9021283215001A1AAD /* GeneralViewModel.m */,
				17158A922128322A001A1AAD /* GeneralModel.h */,
				17158A932128322A001A1AAD /* GeneralModel.m */,
			);
			path = General;
			sourceTree = "<group>";
		};
		17158A952128399F001A1AAD /* Common */ = {
			isa = PBXGroup;
			children = (
				17158A8C2128309C001A1AAD /* MainViewController.h */,
				17158A8D2128309C001A1AAD /* MainViewController.m */,
				17158A96212839D4001A1AAD /* WebViewController.h */,
				17158A97212839D4001A1AAD /* WebViewController.m */,
			);
			path = Common;
			sourceTree = "<group>";
		};
		17A1D91D2125779500FE15F8 = {
			isa = PBXGroup;
			children = (
				17A1D9282125779500FE15F8 /* KFBlankSlateExample */,
				17A1D9272125779500FE15F8 /* Products */,
				7C688C29B5CC4A1056E6A926 /* Pods */,
				8F4C936BF8160E9E13EEF73B /* Frameworks */,
			);
			sourceTree = "<group>";
		};
		17A1D9272125779500FE15F8 /* Products */ = {
			isa = PBXGroup;
			children = (
				17A1D9262125779500FE15F8 /* KFBlankSlateExample.app */,
			);
			name = Products;
			sourceTree = "<group>";
		};
		17A1D9282125779500FE15F8 /* KFBlankSlateExample */ = {
			isa = PBXGroup;
			children = (
				17A1D9292125779500FE15F8 /* AppDelegate.h */,
				17A1D92A2125779500FE15F8 /* AppDelegate.m */,
				17A1D92F2125779500FE15F8 /* Main.storyboard */,
				17A1D9492125865B00FE15F8 /* Classes */,
				17A1D9502126807100FE15F8 /* Helper */,
				17A1D9322125779600FE15F8 /* Assets.xcassets */,
				17A1D9342125779600FE15F8 /* LaunchScreen.storyboard */,
				17A1D9372125779600FE15F8 /* Info.plist */,
				17A1D9382125779600FE15F8 /* main.m */,
			);
			path = KFBlankSlateExample;
			sourceTree = "<group>";
		};
		17A1D9492125865B00FE15F8 /* Classes */ = {
			isa = PBXGroup;
			children = (
				17158A952128399F001A1AAD /* Common */,
				17158A882128150F001A1AAD /* General */,
			);
			path = Classes;
			sourceTree = "<group>";
		};
		17A1D9502126807100FE15F8 /* Helper */ = {
			isa = PBXGroup;
			children = (
				17A1D95321269BBF00FE15F8 /* KFNetworkService.h */,
				17A1D95421269BBF00FE15F8 /* KFNetworkService.m */,
			);
			path = Helper;
			sourceTree = "<group>";
		};
		7C688C29B5CC4A1056E6A926 /* Pods */ = {
			isa = PBXGroup;
			children = (
				1B9E9C95867980793E525997 /* Pods-KFBlankSlateExample.debug.xcconfig */,
				5E8509E30C1B173FC9BE1DA8 /* Pods-KFBlankSlateExample.release.xcconfig */,
			);
			name = Pods;
			sourceTree = "<group>";
		};
		8F4C936BF8160E9E13EEF73B /* Frameworks */ = {
			isa = PBXGroup;
			children = (
				7645242C870FE6250381107F /* libPods-KFBlankSlateExample.a */,
			);
			name = Frameworks;
			sourceTree = "<group>";
		};
/* End PBXGroup section */

/* Begin PBXNativeTarget section */
		17A1D9252125779500FE15F8 /* KFBlankSlateExample */ = {
			isa = PBXNativeTarget;
			buildConfigurationList = 17A1D93C2125779600FE15F8 /* Build configuration list for PBXNativeTarget "KFBlankSlateExample" */;
			buildPhases = (
				B85AC6EB56FDF39428507206 /* [CP] Check Pods Manifest.lock */,
				17A1D9222125779500FE15F8 /* Sources */,
				17A1D9232125779500FE15F8 /* Frameworks */,
				17A1D9242125779500FE15F8 /* Resources */,
				8AAEB552C4CEAF7D8C214237 /* [CP] Copy Pods Resources */,
			);
			buildRules = (
			);
			dependencies = (
			);
			name = KFBlankSlateExample;
			productName = KFBlankSlateExample;
			productReference = 17A1D9262125779500FE15F8 /* KFBlankSlateExample.app */;
			productType = "com.apple.product-type.application";
		};
/* End PBXNativeTarget section */

/* Begin PBXProject section */
		17A1D91E2125779500FE15F8 /* Project object */ = {
			isa = PBXProject;
			attributes = {
				LastUpgradeCheck = 0940;
				ORGANIZATIONNAME = Carefree;
				TargetAttributes = {
					17A1D9252125779500FE15F8 = {
						CreatedOnToolsVersion = 9.4;
						ProvisioningStyle = Automatic;
					};
				};
			};
			buildConfigurationList = 17A1D9212125779500FE15F8 /* Build configuration list for PBXProject "KFBlankSlateExample" */;
			compatibilityVersion = "Xcode 8.0";
			developmentRegion = en;
			hasScannedForEncodings = 0;
			knownRegions = (
				en,
				Base,
			);
			mainGroup = 17A1D91D2125779500FE15F8;
			productRefGroup = 17A1D9272125779500FE15F8 /* Products */;
			projectDirPath = "";
			projectRoot = "";
			targets = (
				17A1D9252125779500FE15F8 /* KFBlankSlateExample */,
			);
		};
/* End PBXProject section */

/* Begin PBXResourcesBuildPhase section */
		17A1D9242125779500FE15F8 /* Resources */ = {
			isa = PBXResourcesBuildPhase;
			buildActionMask = 2147483647;
			files = (
				17A1D9362125779600FE15F8 /* LaunchScreen.storyboard in Resources */,
				17A1D9332125779600FE15F8 /* Assets.xcassets in Resources */,
				17A1D9312125779500FE15F8 /* Main.storyboard in Resources */,
			);
			runOnlyForDeploymentPostprocessing = 0;
		};
/* End PBXResourcesBuildPhase section */

/* Begin PBXShellScriptBuildPhase section */
		8AAEB552C4CEAF7D8C214237 /* [CP] Copy Pods Resources */ = {
			isa = PBXShellScriptBuildPhase;
			buildActionMask = 2147483647;
			files = (
			);
			inputPaths = (
				"${SRCROOT}/Pods/Target Support Files/Pods-KFBlankSlateExample/Pods-KFBlankSlateExample-resources.sh",
				"${PODS_ROOT}/MJRefresh/MJRefresh/MJRefresh.bundle",
			);
			name = "[CP] Copy Pods Resources";
			outputPaths = (
				"${TARGET_BUILD_DIR}/${UNLOCALIZED_RESOURCES_FOLDER_PATH}/MJRefresh.bundle",
			);
			runOnlyForDeploymentPostprocessing = 0;
			shellPath = /bin/sh;
			shellScript = "\"${SRCROOT}/Pods/Target Support Files/Pods-KFBlankSlateExample/Pods-KFBlankSlateExample-resources.sh\"\n";
			showEnvVarsInLog = 0;
		};
		B85AC6EB56FDF39428507206 /* [CP] Check Pods Manifest.lock */ = {
			isa = PBXShellScriptBuildPhase;
			buildActionMask = 2147483647;
			files = (
			);
			inputPaths = (
				"${PODS_PODFILE_DIR_PATH}/Podfile.lock",
				"${PODS_ROOT}/Manifest.lock",
			);
			name = "[CP] Check Pods Manifest.lock";
			outputPaths = (
				"$(DERIVED_FILE_DIR)/Pods-KFBlankSlateExample-checkManifestLockResult.txt",
			);
			runOnlyForDeploymentPostprocessing = 0;
			shellPath = /bin/sh;
			shellScript = "diff \"${PODS_PODFILE_DIR_PATH}/Podfile.lock\" \"${PODS_ROOT}/Manifest.lock\" > /dev/null\nif [ $? != 0 ] ; then\n    # print error to STDERR\n    echo \"error: The sandbox is not in sync with the Podfile.lock. Run 'pod install' or update your CocoaPods installation.\" >&2\n    exit 1\nfi\n# This output is used by Xcode 'outputs' to avoid re-running this script phase.\necho \"SUCCESS\" > \"${SCRIPT_OUTPUT_FILE_0}\"\n";
			showEnvVarsInLog = 0;
		};
/* End PBXShellScriptBuildPhase section */

/* Begin PBXSourcesBuildPhase section */
		17A1D9222125779500FE15F8 /* Sources */ = {
			isa = PBXSourcesBuildPhase;
			buildActionMask = 2147483647;
			files = (
				17158A942128322A001A1AAD /* GeneralModel.m in Sources */,
				17158A8B2128152D001A1AAD /* GeneralController.m in Sources */,
				17A1D9392125779600FE15F8 /* main.m in Sources */,
				17158A98212839D4001A1AAD /* WebViewController.m in Sources */,
				17158A9121283215001A1AAD /* GeneralViewModel.m in Sources */,
				17A1D95521269BBF00FE15F8 /* KFNetworkService.m in Sources */,
				17158A8E2128309C001A1AAD /* MainViewController.m in Sources */,
				17A1D92B2125779500FE15F8 /* AppDelegate.m in Sources */,
			);
			runOnlyForDeploymentPostprocessing = 0;
		};
/* End PBXSourcesBuildPhase section */

/* Begin PBXVariantGroup section */
		17A1D92F2125779500FE15F8 /* Main.storyboard */ = {
			isa = PBXVariantGroup;
			children = (
				17A1D9302125779500FE15F8 /* Base */,
			);
			name = Main.storyboard;
			sourceTree = "<group>";
		};
		17A1D9342125779600FE15F8 /* LaunchScreen.storyboard */ = {
			isa = PBXVariantGroup;
			children = (
				17A1D9352125779600FE15F8 /* Base */,
			);
			name = LaunchScreen.storyboard;
			sourceTree = "<group>";
		};
/* End PBXVariantGroup section */

/* Begin XCBuildConfiguration section */
		17A1D93A2125779600FE15F8 /* Debug */ = {
			isa = XCBuildConfiguration;
			buildSettings = {
				ALWAYS_SEARCH_USER_PATHS = NO;
				CLANG_ANALYZER_NONNULL = YES;
				CLANG_ANALYZER_NUMBER_OBJECT_CONVERSION = YES_AGGRESSIVE;
				CLANG_CXX_LANGUAGE_STANDARD = "gnu++14";
				CLANG_CXX_LIBRARY = "libc++";
				CLANG_ENABLE_MODULES = YES;
				CLANG_ENABLE_OBJC_ARC = YES;
				CLANG_ENABLE_OBJC_WEAK = YES;
				CLANG_WARN_BLOCK_CAPTURE_AUTORELEASING = YES;
				CLANG_WARN_BOOL_CONVERSION = YES;
				CLANG_WARN_COMMA = YES;
				CLANG_WARN_CONSTANT_CONVERSION = YES;
				CLANG_WARN_DEPRECATED_OBJC_IMPLEMENTATIONS = YES;
				CLANG_WARN_DIRECT_OBJC_ISA_USAGE = YES_ERROR;
				CLANG_WARN_DOCUMENTATION_COMMENTS = YES;
				CLANG_WARN_EMPTY_BODY = YES;
				CLANG_WARN_ENUM_CONVERSION = YES;
				CLANG_WARN_INFINITE_RECURSION = YES;
				CLANG_WARN_INT_CONVERSION = YES;
				CLANG_WARN_NON_LITERAL_NULL_CONVERSION = YES;
				CLANG_WARN_OBJC_IMPLICIT_RETAIN_SELF = YES;
				CLANG_WARN_OBJC_LITERAL_CONVERSION = YES;
				CLANG_WARN_OBJC_ROOT_CLASS = YES_ERROR;
				CLANG_WARN_RANGE_LOOP_ANALYSIS = YES;
				CLANG_WARN_STRICT_PROTOTYPES = YES;
				CLANG_WARN_SUSPICIOUS_MOVE = YES;
				CLANG_WARN_UNGUARDED_AVAILABILITY = YES_AGGRESSIVE;
				CLANG_WARN_UNREACHABLE_CODE = YES;
				CLANG_WARN__DUPLICATE_METHOD_MATCH = YES;
				CODE_SIGN_IDENTITY = "iPhone Developer";
				COPY_PHASE_STRIP = NO;
				DEBUG_INFORMATION_FORMAT = dwarf;
				ENABLE_STRICT_OBJC_MSGSEND = YES;
				ENABLE_TESTABILITY = YES;
				GCC_C_LANGUAGE_STANDARD = gnu11;
				GCC_DYNAMIC_NO_PIC = NO;
				GCC_NO_COMMON_BLOCKS = YES;
				GCC_OPTIMIZATION_LEVEL = 0;
				GCC_PREPROCESSOR_DEFINITIONS = (
					"DEBUG=1",
					"$(inherited)",
				);
				GCC_WARN_64_TO_32_BIT_CONVERSION = YES;
				GCC_WARN_ABOUT_RETURN_TYPE = YES_ERROR;
				GCC_WARN_UNDECLARED_SELECTOR = YES;
				GCC_WARN_UNINITIALIZED_AUTOS = YES_AGGRESSIVE;
				GCC_WARN_UNUSED_FUNCTION = YES;
				GCC_WARN_UNUSED_VARIABLE = YES;
				IPHONEOS_DEPLOYMENT_TARGET = 11.4;
				MTL_ENABLE_DEBUG_INFO = YES;
				ONLY_ACTIVE_ARCH = YES;
				SDKROOT = iphoneos;
			};
			name = Debug;
		};
		17A1D93B2125779600FE15F8 /* Release */ = {
			isa = XCBuildConfiguration;
			buildSettings = {
				ALWAYS_SEARCH_USER_PATHS = NO;
				CLANG_ANALYZER_NONNULL = YES;
				CLANG_ANALYZER_NUMBER_OBJECT_CONVERSION = YES_AGGRESSIVE;
				CLANG_CXX_LANGUAGE_STANDARD = "gnu++14";
				CLANG_CXX_LIBRARY = "libc++";
				CLANG_ENABLE_MODULES = YES;
				CLANG_ENABLE_OBJC_ARC = YES;
				CLANG_ENABLE_OBJC_WEAK = YES;
				CLANG_WARN_BLOCK_CAPTURE_AUTORELEASING = YES;
				CLANG_WARN_BOOL_CONVERSION = YES;
				CLANG_WARN_COMMA = YES;
				CLANG_WARN_CONSTANT_CONVERSION = YES;
				CLANG_WARN_DEPRECATED_OBJC_IMPLEMENTATIONS = YES;
				CLANG_WARN_DIRECT_OBJC_ISA_USAGE = YES_ERROR;
				CLANG_WARN_DOCUMENTATION_COMMENTS = YES;
				CLANG_WARN_EMPTY_BODY = YES;
				CLANG_WARN_ENUM_CONVERSION = YES;
				CLANG_WARN_INFINITE_RECURSION = YES;
				CLANG_WARN_INT_CONVERSION = YES;
				CLANG_WARN_NON_LITERAL_NULL_CONVERSION = YES;
				CLANG_WARN_OBJC_IMPLICIT_RETAIN_SELF = YES;
				CLANG_WARN_OBJC_LITERAL_CONVERSION = YES;
				CLANG_WARN_OBJC_ROOT_CLASS = YES_ERROR;
				CLANG_WARN_RANGE_LOOP_ANALYSIS = YES;
				CLANG_WARN_STRICT_PROTOTYPES = YES;
				CLANG_WARN_SUSPICIOUS_MOVE = YES;
				CLANG_WARN_UNGUARDED_AVAILABILITY = YES_AGGRESSIVE;
				CLANG_WARN_UNREACHABLE_CODE = YES;
				CLANG_WARN__DUPLICATE_METHOD_MATCH = YES;
				CODE_SIGN_IDENTITY = "iPhone Developer";
				COPY_PHASE_STRIP = NO;
				DEBUG_INFORMATION_FORMAT = "dwarf-with-dsym";
				ENABLE_NS_ASSERTIONS = NO;
				ENABLE_STRICT_OBJC_MSGSEND = YES;
				GCC_C_LANGUAGE_STANDARD = gnu11;
				GCC_NO_COMMON_BLOCKS = YES;
				GCC_WARN_64_TO_32_BIT_CONVERSION = YES;
				GCC_WARN_ABOUT_RETURN_TYPE = YES_ERROR;
				GCC_WARN_UNDECLARED_SELECTOR = YES;
				GCC_WARN_UNINITIALIZED_AUTOS = YES_AGGRESSIVE;
				GCC_WARN_UNUSED_FUNCTION = YES;
				GCC_WARN_UNUSED_VARIABLE = YES;
				IPHONEOS_DEPLOYMENT_TARGET = 11.4;
				MTL_ENABLE_DEBUG_INFO = NO;
				SDKROOT = iphoneos;
				VALIDATE_PRODUCT = YES;
			};
			name = Release;
		};
		17A1D93D2125779600FE15F8 /* Debug */ = {
			isa = XCBuildConfiguration;
			baseConfigurationReference = 1B9E9C95867980793E525997 /* Pods-KFBlankSlateExample.debug.xcconfig */;
			buildSettings = {
				ASSETCATALOG_COMPILER_APPICON_NAME = AppIcon;
				CODE_SIGN_STYLE = Automatic;
				INFOPLIST_FILE = KFBlankSlateExample/Info.plist;
				IPHONEOS_DEPLOYMENT_TARGET = 9.0;
				LD_RUNPATH_SEARCH_PATHS = "$(inherited) @executable_path/Frameworks";
				PRODUCT_BUNDLE_IDENTIFIER = com.carefree.KFBlankSlateExample;
				PRODUCT_NAME = "$(TARGET_NAME)";
				TARGETED_DEVICE_FAMILY = "1,2";
			};
			name = Debug;
		};
		17A1D93E2125779600FE15F8 /* Release */ = {
			isa = XCBuildConfiguration;
			baseConfigurationReference = 5E8509E30C1B173FC9BE1DA8 /* Pods-KFBlankSlateExample.release.xcconfig */;
			buildSettings = {
				ASSETCATALOG_COMPILER_APPICON_NAME = AppIcon;
				CODE_SIGN_STYLE = Automatic;
				INFOPLIST_FILE = KFBlankSlateExample/Info.plist;
				IPHONEOS_DEPLOYMENT_TARGET = 9.0;
				LD_RUNPATH_SEARCH_PATHS = "$(inherited) @executable_path/Frameworks";
				PRODUCT_BUNDLE_IDENTIFIER = com.carefree.KFBlankSlateExample;
				PRODUCT_NAME = "$(TARGET_NAME)";
				TARGETED_DEVICE_FAMILY = "1,2";
			};
			name = Release;
		};
/* End XCBuildConfiguration section */

/* Begin XCConfigurationList section */
		17A1D9212125779500FE15F8 /* Build configuration list for PBXProject "KFBlankSlateExample" */ = {
			isa = XCConfigurationList;
			buildConfigurations = (
				17A1D93A2125779600FE15F8 /* Debug */,
				17A1D93B2125779600FE15F8 /* Release */,
			);
			defaultConfigurationIsVisible = 0;
			defaultConfigurationName = Release;
		};
		17A1D93C2125779600FE15F8 /* Build configuration list for PBXNativeTarget "KFBlankSlateExample" */ = {
			isa = XCConfigurationList;
			buildConfigurations = (
				17A1D93D2125779600FE15F8 /* Debug */,
				17A1D93E2125779600FE15F8 /* Release */,
			);
			defaultConfigurationIsVisible = 0;
			defaultConfigurationName = Release;
		};
/* End XCConfigurationList section */
	};
	rootObject = 17A1D91E2125779500FE15F8 /* Project object */;
}
